
Microsoft Visual Studio Solution File, Format Version 12.00
# Visual Studio 15
Project("{FAE04EC0-301F-11D3-BF4B-00C04F79EFBC}") = "Unity.Timeline", "Unity.Timeline.csproj", "{CF53A9A9-7547-8CD4-121F-6D82AEBEF242}"
EndProject
Project("{FAE04EC0-301F-11D3-BF4B-00C04F79EFBC}") = "Unity.Timeline.Editor", "Unity.Timeline.Editor.csproj", "{946B8DF5-B5E2-A677-5072-4658C49BF23A}"
EndProject
Project("{FAE04EC0-301F-11D3-BF4B-00C04F79EFBC}") = "Unity.InputSystem", "Unity.InputSystem.csproj", "{E11CD4F1-F4E0-1CED-0441-A1BF76CE9BAF}"
EndProject
Project("{FAE04EC0-301F-11D3-BF4B-00C04F79EFBC}") = "Unity.TextMeshPro.Editor", "Unity.TextMeshPro.Editor.csproj", "{D8DB2E7C-2691-6821-FBB9-B7507B001DC0}"
EndProject
Project("{FAE04EC0-301F-11D3-BF4B-00C04F79EFBC}") = "Unity.VisualScripting.Flow", "Unity.VisualScripting.Flow.csproj", "{E54572F6-67ED-4BC5-7E2D-D32920ED4C54}"
EndProject
Project("{FAE04EC0-301F-11D3-BF4B-00C04F79EFBC}") = "Unity.PlasticSCM.Editor", "Unity.PlasticSCM.Editor.csproj", "{FE69BACF-5515-0B5A-F04A-CDFF55EFE5A9}"
EndProject
Project("{FAE04EC0-301F-11D3-BF4B-00C04F79EFBC}") = "Unity.VisualScripting.Core", "Unity.VisualScripting.Core.csproj", "{E03FCAA5-B1C9-FA26-BFE0-CE00494E5704}"
EndProject
Project("{FAE04EC0-301F-11D3-BF4B-00C04F79EFBC}") = "Unity.Mathematics", "Unity.Mathematics.csproj", "{206AC9EE-0343-5977-F060-CB31072DBCF6}"
EndProject
Project("{FAE04EC0-301F-11D3-BF4B-00C04F79EFBC}") = "Unity.VisualScripting.Core.Editor", "Unity.VisualScripting.Core.Editor.csproj", "{0F812184-84A7-1418-FD09-D5F5D772AF9D}"
EndProject
Project("{FAE04EC0-301F-11D3-BF4B-00C04F79EFBC}") = "Unity.VisualScripting.Flow.Editor", "Unity.VisualScripting.Flow.Editor.csproj", "{59BF071F-149E-9F01-82C7-0027BF71C0B8}"
EndProject
Project("{FAE04EC0-301F-11D3-BF4B-00C04F79EFBC}") = "UnityEditor.TestRunner", "UnityEditor.TestRunner.csproj", "{3905490F-BE02-A7C4-9CB5-4F4A8D193410}"
EndProject
Project("{FAE04EC0-301F-11D3-BF4B-00C04F79EFBC}") = "Unity.VisualScripting.SettingsProvider.Editor", "Unity.VisualScripting.SettingsProvider.Editor.csproj", "{4FF8A960-7D66-EC59-3A56-12B15154386A}"
EndProject
Project("{FAE04EC0-301F-11D3-BF4B-00C04F79EFBC}") = "UnityEngine.TestRunner", "UnityEngine.TestRunner.csproj", "{1FF61515-7794-652D-6CAB-259C44D7DCD3}"
EndProject
Project("{FAE04EC0-301F-11D3-BF4B-00C04F79EFBC}") = "Unity.Searcher.Editor", "Unity.Searcher.Editor.csproj", "{D1711458-FFEC-06EC-6366-A21545BF71DF}"
EndProject
Project("{FAE04EC0-301F-11D3-BF4B-00C04F79EFBC}") = "Unity.Burst", "Unity.Burst.csproj", "{2C3C0754-5146-325B-169E-C588961085EA}"
EndProject
Project("{FAE04EC0-301F-11D3-BF4B-00C04F79EFBC}") = "Unity.VisualStudio.Editor", "Unity.VisualStudio.Editor.csproj", "{9C0E9A07-1D0D-B62E-9CC5-98FADD551B41}"
EndProject
Project("{FAE04EC0-301F-11D3-BF4B-00C04F79EFBC}") = "Unity.TestTools.CodeCoverage.Editor.OpenCover.Model", "Unity.TestTools.CodeCoverage.Editor.OpenCover.Model.csproj", "{191F27BC-6051-4629-46BB-37F55AAB6B84}"
EndProject
Project("{FAE04EC0-301F-11D3-BF4B-00C04F79EFBC}") = "Unity.Rider.Editor", "Unity.Rider.Editor.csproj", "{EC4BD0CA-D1F9-409A-34CD-8B642B7C6F4A}"
EndProject
Project("{FAE04EC0-301F-11D3-BF4B-00C04F79EFBC}") = "Unity.VisualScripting.State.Editor", "Unity.VisualScripting.State.Editor.csproj", "{60D103C2-623B-490D-1377-8C71AE16C13F}"
EndProject
Project("{FAE04EC0-301F-11D3-BF4B-00C04F79EFBC}") = "Unity.TestTools.CodeCoverage.Editor", "Unity.TestTools.CodeCoverage.Editor.csproj", "{C79468E3-DD3F-FC2E-93AC-B9AE939CCA03}"
EndProject
Project("{FAE04EC0-301F-11D3-BF4B-00C04F79EFBC}") = "Unity.Burst.CodeGen", "Unity.Burst.CodeGen.csproj", "{9D4DE032-F226-0FDA-A3DC-47A031734653}"
EndProject
Project("{FAE04EC0-301F-11D3-BF4B-00C04F79EFBC}") = "Unity.VisualScripting.State", "Unity.VisualScripting.State.csproj", "{9B81A32A-1842-EBE3-69C1-BF9433E52E95}"
EndProject
Project("{FAE04EC0-301F-11D3-BF4B-00C04F79EFBC}") = "Unity.TextMeshPro", "Unity.TextMeshPro.csproj", "{36BB748A-549C-52EB-616A-CF3486604837}"
EndProject
Project("{FAE04EC0-301F-11D3-BF4B-00C04F79EFBC}") = "Unity.Performance.Profile-Analyzer.Editor", "Unity.Performance.Profile-Analyzer.Editor.csproj", "{2331D06B-7501-A04E-57A6-B499C7A4D1DA}"
EndProject
Project("{FAE04EC0-301F-11D3-BF4B-00C04F79EFBC}") = "Assembly-CSharp", "Assembly-CSharp.csproj", "{92A3B4E2-00E3-2A85-90CC-0F9E3B529EFB}"
EndProject
Project("{FAE04EC0-301F-11D3-BF4B-00C04F79EFBC}") = "Unity.VSCode.Editor", "Unity.VSCode.Editor.csproj", "{165F26D5-7CE4-93EA-2D03-7DEFA1325568}"
EndProject
Project("{FAE04EC0-301F-11D3-BF4B-00C04F79EFBC}") = "Unity.Burst.Editor", "Unity.Burst.Editor.csproj", "{9499589E-BD03-82E6-3C76-15C57AA7E10B}"
EndProject
Project("{FAE04EC0-301F-11D3-BF4B-00C04F79EFBC}") = "Unity.TestTools.CodeCoverage.Editor.OpenCover.Mono.Reflection", "Unity.TestTools.CodeCoverage.Editor.OpenCover.Mono.Reflection.csproj", "{3367C509-3E16-B524-B998-7F8F0AE4A8C1}"
EndProject
Project("{FAE04EC0-301F-11D3-BF4B-00C04F79EFBC}") = "Unity.Settings.Editor", "Unity.Settings.Editor.csproj", "{63C15A30-03EA-5F7D-9DD7-3459484AC8E7}"
EndProject
Project("{FAE04EC0-301F-11D3-BF4B-00C04F79EFBC}") = "Unity.InputSystem.ForUI", "Unity.InputSystem.ForUI.csproj", "{E684FE0A-91EF-61BB-4920-C747C1AD5DFD}"
EndProject
Project("{FAE04EC0-301F-11D3-BF4B-00C04F79EFBC}") = "Unity.EditorCoroutines.Editor", "Unity.EditorCoroutines.Editor.csproj", "{3ED4972D-B257-2D4E-E3B4-BC3A39453052}"
EndProject
Project("{FAE04EC0-301F-11D3-BF4B-00C04F79EFBC}") = "Unity.Mathematics.Editor", "Unity.Mathematics.Editor.csproj", "{1C0AB922-14A9-0AA6-DB89-A0577922D9BB}"
EndProject
Project("{FAE04EC0-301F-11D3-BF4B-00C04F79EFBC}") = "Unity.InputSystem.TestFramework", "Unity.InputSystem.TestFramework.csproj", "{7C0C569C-F1E3-8E74-8681-4C62036C4B6C}"
EndProject
Project("{FAE04EC0-301F-11D3-BF4B-00C04F79EFBC}") = "Unity.VisualScripting.Shared.Editor", "Unity.VisualScripting.Shared.Editor.csproj", "{DB35AFF6-2BAE-14E5-8A60-952AB5088FEA}"
EndProject
Project("{FAE04EC0-301F-11D3-BF4B-00C04F79EFBC}") = "Unity.CollabProxy.Editor", "Unity.CollabProxy.Editor.csproj", "{25D664B5-4DC3-01B9-9E84-C18DA2C4C32A}"
EndProject
Global
	GlobalSection(SolutionConfigurationPlatforms) = preSolution
		Debug|Any CPU = Debug|Any CPU
		Release|Any CPU = Release|Any CPU
	EndGlobalSection
	GlobalSection(ProjectConfigurationPlatforms) = postSolution
		{CF53A9A9-7547-8CD4-121F-6D82AEBEF242}.Debug|Any CPU.ActiveCfg = Debug|Any CPU
		{CF53A9A9-7547-8CD4-121F-6D82AEBEF242}.Debug|Any CPU.Build.0 = Debug|Any CPU
		{CF53A9A9-7547-8CD4-121F-6D82AEBEF242}.Release|Any CPU.ActiveCfg = Release|Any CPU
		{CF53A9A9-7547-8CD4-121F-6D82AEBEF242}.Release|Any CPU.Build.0 = Release|Any CPU
		{946B8DF5-B5E2-A677-5072-4658C49BF23A}.Debug|Any CPU.ActiveCfg = Debug|Any CPU
		{946B8DF5-B5E2-A677-5072-4658C49BF23A}.Debug|Any CPU.Build.0 = Debug|Any CPU
		{946B8DF5-B5E2-A677-5072-4658C49BF23A}.Release|Any CPU.ActiveCfg = Release|Any CPU
		{946B8DF5-B5E2-A677-5072-4658C49BF23A}.Release|Any CPU.Build.0 = Release|Any CPU
		{E11CD4F1-F4E0-1CED-0441-A1BF76CE9BAF}.Debug|Any CPU.ActiveCfg = Debug|Any CPU
		{E11CD4F1-F4E0-1CED-0441-A1BF76CE9BAF}.Debug|Any CPU.Build.0 = Debug|Any CPU
		{E11CD4F1-F4E0-1CED-0441-A1BF76CE9BAF}.Release|Any CPU.ActiveCfg = Release|Any CPU
		{E11CD4F1-F4E0-1CED-0441-A1BF76CE9BAF}.Release|Any CPU.Build.0 = Release|Any CPU
		{D8DB2E7C-2691-6821-FBB9-B7507B001DC0}.Debug|Any CPU.ActiveCfg = Debug|Any CPU
		{D8DB2E7C-2691-6821-FBB9-B7507B001DC0}.Debug|Any CPU.Build.0 = Debug|Any CPU
		{D8DB2E7C-2691-6821-FBB9-B7507B001DC0}.Release|Any CPU.ActiveCfg = Release|Any CPU
		{D8DB2E7C-2691-6821-FBB9-B7507B001DC0}.Release|Any CPU.Build.0 = Release|Any CPU
		{E54572F6-67ED-4BC5-7E2D-D32920ED4C54}.Debug|Any CPU.ActiveCfg = Debug|Any CPU
		{E54572F6-67ED-4BC5-7E2D-D32920ED4C54}.Debug|Any CPU.Build.0 = Debug|Any CPU
		{E54572F6-67ED-4BC5-7E2D-D32920ED4C54}.Release|Any CPU.ActiveCfg = Release|Any CPU
		{E54572F6-67ED-4BC5-7E2D-D32920ED4C54}.Release|Any CPU.Build.0 = Release|Any CPU
		{FE69BACF-5515-0B5A-F04A-CDFF55EFE5A9}.Debug|Any CPU.ActiveCfg = Debug|Any CPU
		{FE69BACF-5515-0B5A-F04A-CDFF55EFE5A9}.Debug|Any CPU.Build.0 = Debug|Any CPU
		{FE69BACF-5515-0B5A-F04A-CDFF55EFE5A9}.Release|Any CPU.ActiveCfg = Release|Any CPU
		{FE69BACF-5515-0B5A-F04A-CDFF55EFE5A9}.Release|Any CPU.Build.0 = Release|Any CPU
		{E03FCAA5-B1C9-FA26-BFE0-CE00494E5704}.Debug|Any CPU.ActiveCfg = Debug|Any CPU
		{E03FCAA5-B1C9-FA26-BFE0-CE00494E5704}.Debug|Any CPU.Build.0 = Debug|Any CPU
		{E03FCAA5-B1C9-FA26-BFE0-CE00494E5704}.Release|Any CPU.ActiveCfg = Release|Any CPU
		{E03FCAA5-B1C9-FA26-BFE0-CE00494E5704}.Release|Any CPU.Build.0 = Release|Any CPU
		{206AC9EE-0343-5977-F060-CB31072DBCF6}.Debug|Any CPU.ActiveCfg = Debug|Any CPU
		{206AC9EE-0343-5977-F060-CB31072DBCF6}.Debug|Any CPU.Build.0 = Debug|Any CPU
		{206AC9EE-0343-5977-F060-CB31072DBCF6}.Release|Any CPU.ActiveCfg = Release|Any CPU
		{206AC9EE-0343-5977-F060-CB31072DBCF6}.Release|Any CPU.Build.0 = Release|Any CPU
		{0F812184-84A7-1418-FD09-D5F5D772AF9D}.Debug|Any CPU.ActiveCfg = Debug|Any CPU
		{0F812184-84A7-1418-FD09-D5F5D772AF9D}.Debug|Any CPU.Build.0 = Debug|Any CPU
		{0F812184-84A7-1418-FD09-D5F5D772AF9D}.Release|Any CPU.ActiveCfg = Release|Any CPU
		{0F812184-84A7-1418-FD09-D5F5D772AF9D}.Release|Any CPU.Build.0 = Release|Any CPU
		{59BF071F-149E-9F01-82C7-0027BF71C0B8}.Debug|Any CPU.ActiveCfg = Debug|Any CPU
		{59BF071F-149E-9F01-82C7-0027BF71C0B8}.Debug|Any CPU.Build.0 = Debug|Any CPU
		{59BF071F-149E-9F01-82C7-0027BF71C0B8}.Release|Any CPU.ActiveCfg = Release|Any CPU
		{59BF071F-149E-9F01-82C7-0027BF71C0B8}.Release|Any CPU.Build.0 = Release|Any CPU
		{3905490F-BE02-A7C4-9CB5-4F4A8D193410}.Debug|Any CPU.ActiveCfg = Debug|Any CPU
		{3905490F-BE02-A7C4-9CB5-4F4A8D193410}.Debug|Any CPU.Build.0 = Debug|Any CPU
		{3905490F-BE02-A7C4-9CB5-4F4A8D193410}.Release|Any CPU.ActiveCfg = Release|Any CPU
		{3905490F-BE02-A7C4-9CB5-4F4A8D193410}.Release|Any CPU.Build.0 = Release|Any CPU
		{4FF8A960-7D66-EC59-3A56-12B15154386A}.Debug|Any CPU.ActiveCfg = Debug|Any CPU
		{4FF8A960-7D66-EC59-3A56-12B15154386A}.Debug|Any CPU.Build.0 = Debug|Any CPU
		{4FF8A960-7D66-EC59-3A56-12B15154386A}.Release|Any CPU.ActiveCfg = Release|Any CPU
		{4FF8A960-7D66-EC59-3A56-12B15154386A}.Release|Any CPU.Build.0 = Release|Any CPU
		{1FF61515-7794-652D-6CAB-259C44D7DCD3}.Debug|Any CPU.ActiveCfg = Debug|Any CPU
		{1FF61515-7794-652D-6CAB-259C44D7DCD3}.Debug|Any CPU.Build.0 = Debug|Any CPU
		{1FF61515-7794-652D-6CAB-259C44D7DCD3}.Release|Any CPU.ActiveCfg = Release|Any CPU
		{1FF61515-7794-652D-6CAB-259C44D7DCD3}.Release|Any CPU.Build.0 = Release|Any CPU
		{D1711458-FFEC-06EC-6366-A21545BF71DF}.Debug|Any CPU.ActiveCfg = Debug|Any CPU
		{D1711458-FFEC-06EC-6366-A21545BF71DF}.Debug|Any CPU.Build.0 = Debug|Any CPU
		{D1711458-FFEC-06EC-6366-A21545BF71DF}.Release|Any CPU.ActiveCfg = Release|Any CPU
		{D1711458-FFEC-06EC-6366-A21545BF71DF}.Release|Any CPU.Build.0 = Release|Any CPU
		{2C3C0754-5146-325B-169E-C588961085EA}.Debug|Any CPU.ActiveCfg = Debug|Any CPU
		{2C3C0754-5146-325B-169E-C588961085EA}.Debug|Any CPU.Build.0 = Debug|Any CPU
		{2C3C0754-5146-325B-169E-C588961085EA}.Release|Any CPU.ActiveCfg = Release|Any CPU
		{2C3C0754-5146-325B-169E-C588961085EA}.Release|Any CPU.Build.0 = Release|Any CPU
		{9C0E9A07-1D0D-B62E-9CC5-98FADD551B41}.Debug|Any CPU.ActiveCfg = Debug|Any CPU
		{9C0E9A07-1D0D-B62E-9CC5-98FADD551B41}.Debug|Any CPU.Build.0 = Debug|Any CPU
		{9C0E9A07-1D0D-B62E-9CC5-98FADD551B41}.Release|Any CPU.ActiveCfg = Release|Any CPU
		{9C0E9A07-1D0D-B62E-9CC5-98FADD551B41}.Release|Any CPU.Build.0 = Release|Any CPU
		{191F27BC-6051-4629-46BB-37F55AAB6B84}.Debug|Any CPU.ActiveCfg = Debug|Any CPU
		{191F27BC-6051-4629-46BB-37F55AAB6B84}.Debug|Any CPU.Build.0 = Debug|Any CPU
		{191F27BC-6051-4629-46BB-37F55AAB6B84}.Release|Any CPU.ActiveCfg = Release|Any CPU
		{191F27BC-6051-4629-46BB-37F55AAB6B84}.Release|Any CPU.Build.0 = Release|Any CPU
		{EC4BD0CA-D1F9-409A-34CD-8B642B7C6F4A}.Debug|Any CPU.ActiveCfg = Debug|Any CPU
		{EC4BD0CA-D1F9-409A-34CD-8B642B7C6F4A}.Debug|Any CPU.Build.0 = Debug|Any CPU
		{EC4BD0CA-D1F9-409A-34CD-8B642B7C6F4A}.Release|Any CPU.ActiveCfg = Release|Any CPU
		{EC4BD0CA-D1F9-409A-34CD-8B642B7C6F4A}.Release|Any CPU.Build.0 = Release|Any CPU
		{60D103C2-623B-490D-1377-8C71AE16C13F}.Debug|Any CPU.ActiveCfg = Debug|Any CPU
		{60D103C2-623B-490D-1377-8C71AE16C13F}.Debug|Any CPU.Build.0 = Debug|Any CPU
		{60D103C2-623B-490D-1377-8C71AE16C13F}.Release|Any CPU.ActiveCfg = Release|Any CPU
		{60D103C2-623B-490D-1377-8C71AE16C13F}.Release|Any CPU.Build.0 = Release|Any CPU
		{C79468E3-DD3F-FC2E-93AC-B9AE939CCA03}.Debug|Any CPU.ActiveCfg = Debug|Any CPU
		{C79468E3-DD3F-FC2E-93AC-B9AE939CCA03}.Debug|Any CPU.Build.0 = Debug|Any CPU
		{C79468E3-DD3F-FC2E-93AC-B9AE939CCA03}.Release|Any CPU.ActiveCfg = Release|Any CPU
		{C79468E3-DD3F-FC2E-93AC-B9AE939CCA03}.Release|Any CPU.Build.0 = Release|Any CPU
		{9D4DE032-F226-0FDA-A3DC-47A031734653}.Debug|Any CPU.ActiveCfg = Debug|Any CPU
		{9D4DE032-F226-0FDA-A3DC-47A031734653}.Debug|Any CPU.Build.0 = Debug|Any CPU
		{9D4DE032-F226-0FDA-A3DC-47A031734653}.Release|Any CPU.ActiveCfg = Release|Any CPU
		{9D4DE032-F226-0FDA-A3DC-47A031734653}.Release|Any CPU.Build.0 = Release|Any CPU
		{9B81A32A-1842-EBE3-69C1-BF9433E52E95}.Debug|Any CPU.ActiveCfg = Debug|Any CPU
		{9B81A32A-1842-EBE3-69C1-BF9433E52E95}.Debug|Any CPU.Build.0 = Debug|Any CPU
		{9B81A32A-1842-EBE3-69C1-BF9433E52E95}.Release|Any CPU.ActiveCfg = Release|Any CPU
		{9B81A32A-1842-EBE3-69C1-BF9433E52E95}.Release|Any CPU.Build.0 = Release|Any CPU
		{36BB748A-549C-52EB-616A-CF3486604837}.Debug|Any CPU.ActiveCfg = Debug|Any CPU
		{36BB748A-549C-52EB-616A-CF3486604837}.Debug|Any CPU.Build.0 = Debug|Any CPU
		{36BB748A-549C-52EB-616A-CF3486604837}.Release|Any CPU.ActiveCfg = Release|Any CPU
		{36BB748A-549C-52EB-616A-CF3486604837}.Release|Any CPU.Build.0 = Release|Any CPU
		{2331D06B-7501-A04E-57A6-B499C7A4D1DA}.Debug|Any CPU.ActiveCfg = Debug|Any CPU
		{2331D06B-7501-A04E-57A6-B499C7A4D1DA}.Debug|Any CPU.Build.0 = Debug|Any CPU
		{2331D06B-7501-A04E-57A6-B499C7A4D1DA}.Release|Any CPU.ActiveCfg = Release|Any CPU
		{2331D06B-7501-A04E-57A6-B499C7A4D1DA}.Release|Any CPU.Build.0 = Release|Any CPU
		{92A3B4E2-00E3-2A85-90CC-0F9E3B529EFB}.Debug|Any CPU.ActiveCfg = Debug|Any CPU
		{92A3B4E2-00E3-2A85-90CC-0F9E3B529EFB}.Debug|Any CPU.Build.0 = Debug|Any CPU
		{92A3B4E2-00E3-2A85-90CC-0F9E3B529EFB}.Release|Any CPU.ActiveCfg = Release|Any CPU
		{92A3B4E2-00E3-2A85-90CC-0F9E3B529EFB}.Release|Any CPU.Build.0 = Release|Any CPU
		{165F26D5-7CE4-93EA-2D03-7DEFA1325568}.Debug|Any CPU.ActiveCfg = Debug|Any CPU
		{165F26D5-7CE4-93EA-2D03-7DEFA1325568}.Debug|Any CPU.Build.0 = Debug|Any CPU
		{165F26D5-7CE4-93EA-2D03-7DEFA1325568}.Release|Any CPU.ActiveCfg = Release|Any CPU
		{165F26D5-7CE4-93EA-2D03-7DEFA1325568}.Release|Any CPU.Build.0 = Release|Any CPU
		{9499589E-BD03-82E6-3C76-15C57AA7E10B}.Debug|Any CPU.ActiveCfg = Debug|Any CPU
		{9499589E-BD03-82E6-3C76-15C57AA7E10B}.Debug|Any CPU.Build.0 = Debug|Any CPU
		{9499589E-BD03-82E6-3C76-15C57AA7E10B}.Release|Any CPU.ActiveCfg = Release|Any CPU
		{9499589E-BD03-82E6-3C76-15C57AA7E10B}.Release|Any CPU.Build.0 = Release|Any CPU
		{3367C509-3E16-B524-B998-7F8F0AE4A8C1}.Debug|Any CPU.ActiveCfg = Debug|Any CPU
		{3367C509-3E16-B524-B998-7F8F0AE4A8C1}.Debug|Any CPU.Build.0 = Debug|Any CPU
		{3367C509-3E16-B524-B998-7F8F0AE4A8C1}.Release|Any CPU.ActiveCfg = Release|Any CPU
		{3367C509-3E16-B524-B998-7F8F0AE4A8C1}.Release|Any CPU.Build.0 = Release|Any CPU
		{63C15A30-03EA-5F7D-9DD7-3459484AC8E7}.Debug|Any CPU.ActiveCfg = Debug|Any CPU
		{63C15A30-03EA-5F7D-9DD7-3459484AC8E7}.Debug|Any CPU.Build.0 = Debug|Any CPU
		{63C15A30-03EA-5F7D-9DD7-3459484AC8E7}.Release|Any CPU.ActiveCfg = Release|Any CPU
		{63C15A30-03EA-5F7D-9DD7-3459484AC8E7}.Release|Any CPU.Build.0 = Release|Any CPU
		{E684FE0A-91EF-61BB-4920-C747C1AD5DFD}.Debug|Any CPU.ActiveCfg = Debug|Any CPU
		{E684FE0A-91EF-61BB-4920-C747C1AD5DFD}.Debug|Any CPU.Build.0 = Debug|Any CPU
		{E684FE0A-91EF-61BB-4920-C747C1AD5DFD}.Release|Any CPU.ActiveCfg = Release|Any CPU
		{E684FE0A-91EF-61BB-4920-C747C1AD5DFD}.Release|Any CPU.Build.0 = Release|Any CPU
		{3ED4972D-B257-2D4E-E3B4-BC3A39453052}.Debug|Any CPU.ActiveCfg = Debug|Any CPU
		{3ED4972D-B257-2D4E-E3B4-BC3A39453052}.Debug|Any CPU.Build.0 = Debug|Any CPU
		{3ED4972D-B257-2D4E-E3B4-BC3A39453052}.Release|Any CPU.ActiveCfg = Release|Any CPU
		{3ED4972D-B257-2D4E-E3B4-BC3A39453052}.Release|Any CPU.Build.0 = Release|Any CPU
		{1C0AB922-14A9-0AA6-DB89-A0577922D9BB}.Debug|Any CPU.ActiveCfg = Debug|Any CPU
		{1C0AB922-14A9-0AA6-DB89-A0577922D9BB}.Debug|Any CPU.Build.0 = Debug|Any CPU
		{1C0AB922-14A9-0AA6-DB89-A0577922D9BB}.Release|Any CPU.ActiveCfg = Release|Any CPU
		{1C0AB922-14A9-0AA6-DB89-A0577922D9BB}.Release|Any CPU.Build.0 = Release|Any CPU
		{7C0C569C-F1E3-8E74-8681-4C62036C4B6C}.Debug|Any CPU.ActiveCfg = Debug|Any CPU
		{7C0C569C-F1E3-8E74-8681-4C62036C4B6C}.Debug|Any CPU.Build.0 = Debug|Any CPU
		{7C0C569C-F1E3-8E74-8681-4C62036C4B6C}.Release|Any CPU.ActiveCfg = Release|Any CPU
		{7C0C569C-F1E3-8E74-8681-4C62036C4B6C}.Release|Any CPU.Build.0 = Release|Any CPU
		{DB35AFF6-2BAE-14E5-8A60-952AB5088FEA}.Debug|Any CPU.ActiveCfg = Debug|Any CPU
		{DB35AFF6-2BAE-14E5-8A60-952AB5088FEA}.Debug|Any CPU.Build.0 = Debug|Any CPU
		{DB35AFF6-2BAE-14E5-8A60-952AB5088FEA}.Release|Any CPU.ActiveCfg = Release|Any CPU
		{DB35AFF6-2BAE-14E5-8A60-952AB5088FEA}.Release|Any CPU.Build.0 = Release|Any CPU
		{25D664B5-4DC3-01B9-9E84-C18DA2C4C32A}.Debug|Any CPU.ActiveCfg = Debug|Any CPU
		{25D664B5-4DC3-01B9-9E84-C18DA2C4C32A}.Debug|Any CPU.Build.0 = Debug|Any CPU
		{25D664B5-4DC3-01B9-9E84-C18DA2C4C32A}.Release|Any CPU.ActiveCfg = Release|Any CPU
		{25D664B5-4DC3-01B9-9E84-C18DA2C4C32A}.Release|Any CPU.Build.0 = Release|Any CPU
	EndGlobalSection
	GlobalSection(SolutionProperties) = preSolution
		HideSolutionNode = FALSE
	EndGlobalSection
EndGlobal
